// !$*UTF8*$!
{
	archiveVersion = 1;
	classes = {
	};
	objectVersion = 56;
	objects = {

/* Begin PBXBuildFile section */
		730F56FC2B937EA500E43188 /* QuickCart_SwiftUIApp.swift in Sources */ = {isa = PBXBuildFile; fileRef = 730F56FB2B937EA500E43188 /* QuickCart_SwiftUIApp.swift */; };
		730F57002B937EA700E43188 /* Assets.xcassets in Resources */ = {isa = PBXBuildFile; fileRef = 730F56FF2B937EA700E43188 /* Assets.xcassets */; };
		730F57032B937EA700E43188 /* Preview Assets.xcassets in Resources */ = {isa = PBXBuildFile; fileRef = 730F57022B937EA700E43188 /* Preview Assets.xcassets */; };
		730F570D2B94B74600E43188 /* WelcomeView.swift in Sources */ = {isa = PBXBuildFile; fileRef = 730F570C2B94B74600E43188 /* WelcomeView.swift */; };
		730F57132B94C64400E43188 /* LoginView.swift in Sources */ = {isa = PBXBuildFile; fileRef = 730F57122B94C64400E43188 /* LoginView.swift */; };
		730F57152B95C96900E43188 /* LoginViewModel.swift in Sources */ = {isa = PBXBuildFile; fileRef = 730F57142B95C96900E43188 /* LoginViewModel.swift */; };
		730F57172B95CA9200E43188 /* CustomNumberPad.swift in Sources */ = {isa = PBXBuildFile; fileRef = 730F57162B95CA9200E43188 /* CustomNumberPad.swift */; };
		7360CB4C2B990304004A69DA /* GoogleService-Info.plist in Resources */ = {isa = PBXBuildFile; fileRef = 7360CB4B2B990303004A69DA /* GoogleService-Info.plist */; };
		73D66C542B98BE5A00200279 /* Countries.swift in Sources */ = {isa = PBXBuildFile; fileRef = 73D66C532B98BE5A00200279 /* Countries.swift */; };
		73D66C562B98C41700200279 /* VerificationView.swift in Sources */ = {isa = PBXBuildFile; fileRef = 73D66C552B98C41700200279 /* VerificationView.swift */; };
		73D66C582B98CCF100200279 /* CodeView.swift in Sources */ = {isa = PBXBuildFile; fileRef = 73D66C572B98CCF100200279 /* CodeView.swift */; };
		F90BFC6C570376ABD2D56CDD /* Pods_QuickCart_SwiftUI.framework in Frameworks */ = {isa = PBXBuildFile; fileRef = 99F2A17D8D02CA51AE3E90B1 /* Pods_QuickCart_SwiftUI.framework */; };
/* End PBXBuildFile section */

/* Begin PBXFileReference section */
		20A6713626416A5E15A2D0E0 /* Pods-QuickCart-SwiftUI.release.xcconfig */ = {isa = PBXFileReference; includeInIndex = 1; lastKnownFileType = text.xcconfig; name = "Pods-QuickCart-SwiftUI.release.xcconfig"; path = "Target Support Files/Pods-QuickCart-SwiftUI/Pods-QuickCart-SwiftUI.release.xcconfig"; sourceTree = "<group>"; };
		5D65623FC96288C9738C6071 /* Pods-QuickCart-SwiftUI.debug.xcconfig */ = {isa = PBXFileReference; includeInIndex = 1; lastKnownFileType = text.xcconfig; name = "Pods-QuickCart-SwiftUI.debug.xcconfig"; path = "Target Support Files/Pods-QuickCart-SwiftUI/Pods-QuickCart-SwiftUI.debug.xcconfig"; sourceTree = "<group>"; };
		730F56F82B937EA500E43188 /* QuickCart-SwiftUI.app */ = {isa = PBXFileReference; explicitFileType = wrapper.application; includeInIndex = 0; path = "QuickCart-SwiftUI.app"; sourceTree = BUILT_PRODUCTS_DIR; };
		730F56FB2B937EA500E43188 /* QuickCart_SwiftUIApp.swift */ = {isa = PBXFileReference; lastKnownFileType = sourcecode.swift; path = QuickCart_SwiftUIApp.swift; sourceTree = "<group>"; };
		730F56FF2B937EA700E43188 /* Assets.xcassets */ = {isa = PBXFileReference; lastKnownFileType = folder.assetcatalog; path = Assets.xcassets; sourceTree = "<group>"; };
		730F57022B937EA700E43188 /* Preview Assets.xcassets */ = {isa = PBXFileReference; lastKnownFileType = folder.assetcatalog; path = "Preview Assets.xcassets"; sourceTree = "<group>"; };
		730F57092B94A96B00E43188 /* Info.plist */ = {isa = PBXFileReference; lastKnownFileType = text.plist; path = Info.plist; sourceTree = "<group>"; };
		730F570C2B94B74600E43188 /* WelcomeView.swift */ = {isa = PBXFileReference; lastKnownFileType = sourcecode.swift; path = WelcomeView.swift; sourceTree = "<group>"; };
		730F57122B94C64400E43188 /* LoginView.swift */ = {isa = PBXFileReference; lastKnownFileType = sourcecode.swift; path = LoginView.swift; sourceTree = "<group>"; };
		730F57142B95C96900E43188 /* LoginViewModel.swift */ = {isa = PBXFileReference; lastKnownFileType = sourcecode.swift; path = LoginViewModel.swift; sourceTree = "<group>"; };
		730F57162B95CA9200E43188 /* CustomNumberPad.swift */ = {isa = PBXFileReference; lastKnownFileType = sourcecode.swift; path = CustomNumberPad.swift; sourceTree = "<group>"; };
		7360CB4B2B990303004A69DA /* GoogleService-Info.plist */ = {isa = PBXFileReference; fileEncoding = 4; lastKnownFileType = text.plist.xml; path = "GoogleService-Info.plist"; sourceTree = "<group>"; };
		73D66C532B98BE5A00200279 /* Countries.swift */ = {isa = PBXFileReference; lastKnownFileType = sourcecode.swift; path = Countries.swift; sourceTree = "<group>"; };
		73D66C552B98C41700200279 /* VerificationView.swift */ = {isa = PBXFileReference; lastKnownFileType = sourcecode.swift; path = VerificationView.swift; sourceTree = "<group>"; };
		73D66C572B98CCF100200279 /* CodeView.swift */ = {isa = PBXFileReference; lastKnownFileType = sourcecode.swift; path = CodeView.swift; sourceTree = "<group>"; };
		99F2A17D8D02CA51AE3E90B1 /* Pods_QuickCart_SwiftUI.framework */ = {isa = PBXFileReference; explicitFileType = wrapper.framework; includeInIndex = 0; path = Pods_QuickCart_SwiftUI.framework; sourceTree = BUILT_PRODUCTS_DIR; };
/* End PBXFileReference section */

/* Begin PBXFrameworksBuildPhase section */
		730F56F52B937EA500E43188 /* Frameworks */ = {
			isa = PBXFrameworksBuildPhase;
			buildActionMask = 2147483647;
			files = (
				F90BFC6C570376ABD2D56CDD /* Pods_QuickCart_SwiftUI.framework in Frameworks */,
			);
			runOnlyForDeploymentPostprocessing = 0;
		};
/* End PBXFrameworksBuildPhase section */

/* Begin PBXGroup section */
		0DC8862D0689EF4DDD6CDC47 /* Pods */ = {
			isa = PBXGroup;
			children = (
				5D65623FC96288C9738C6071 /* Pods-QuickCart-SwiftUI.debug.xcconfig */,
				20A6713626416A5E15A2D0E0 /* Pods-QuickCart-SwiftUI.release.xcconfig */,
			);
			path = Pods;
			sourceTree = "<group>";
		};
		5CCD986EA31711EF20CF7C28 /* Frameworks */ = {
			isa = PBXGroup;
			children = (
				99F2A17D8D02CA51AE3E90B1 /* Pods_QuickCart_SwiftUI.framework */,
			);
			name = Frameworks;
			sourceTree = "<group>";
		};
		730F56EF2B937EA500E43188 = {
			isa = PBXGroup;
			children = (
				730F56FA2B937EA500E43188 /* QuickCart-SwiftUI */,
				730F56F92B937EA500E43188 /* Products */,
				0DC8862D0689EF4DDD6CDC47 /* Pods */,
				5CCD986EA31711EF20CF7C28 /* Frameworks */,
			);
			sourceTree = "<group>";
		};
		730F56F92B937EA500E43188 /* Products */ = {
			isa = PBXGroup;
			children = (
				730F56F82B937EA500E43188 /* QuickCart-SwiftUI.app */,
			);
			name = Products;
			sourceTree = "<group>";
		};
		730F56FA2B937EA500E43188 /* QuickCart-SwiftUI */ = {
			isa = PBXGroup;
			children = (
				730F570A2B94B6B400E43188 /* App */,
				730F570B2B94B6BD00E43188 /* Welcome */,
				730F57092B94A96B00E43188 /* Info.plist */,
				7360CB4B2B990303004A69DA /* GoogleService-Info.plist */,
				730F56FF2B937EA700E43188 /* Assets.xcassets */,
				730F57012B937EA700E43188 /* Preview Content */,
			);
			path = "QuickCart-SwiftUI";
			sourceTree = "<group>";
		};
		730F57012B937EA700E43188 /* Preview Content */ = {
			isa = PBXGroup;
			children = (
				730F57022B937EA700E43188 /* Preview Assets.xcassets */,
			);
			path = "Preview Content";
			sourceTree = "<group>";
		};
		730F570A2B94B6B400E43188 /* App */ = {
			isa = PBXGroup;
			children = (
				730F56FB2B937EA500E43188 /* QuickCart_SwiftUIApp.swift */,
			);
			path = App;
			sourceTree = "<group>";
		};
		730F570B2B94B6BD00E43188 /* Welcome */ = {
			isa = PBXGroup;
			children = (
				73D66C532B98BE5A00200279 /* Countries.swift */,
				730F570C2B94B74600E43188 /* WelcomeView.swift */,
				730F57122B94C64400E43188 /* LoginView.swift */,
				730F57142B95C96900E43188 /* LoginViewModel.swift */,
				73D66C552B98C41700200279 /* VerificationView.swift */,
				730F57162B95CA9200E43188 /* CustomNumberPad.swift */,
				73D66C572B98CCF100200279 /* CodeView.swift */,
			);
			path = Welcome;
			sourceTree = "<group>";
		};
/* End PBXGroup section */

/* Begin PBXNativeTarget section */
		730F56F72B937EA500E43188 /* QuickCart-SwiftUI */ = {
			isa = PBXNativeTarget;
			buildConfigurationList = 730F57062B937EA700E43188 /* Build configuration list for PBXNativeTarget "QuickCart-SwiftUI" */;
			buildPhases = (
				BFD2357CA48DC129F33916F9 /* [CP] Check Pods Manifest.lock */,
				730F56F42B937EA500E43188 /* Sources */,
				730F56F52B937EA500E43188 /* Frameworks */,
				730F56F62B937EA500E43188 /* Resources */,
				59C6C334859CBF5ACDC9A1B8 /* [CP] Embed Pods Frameworks */,
			);
			buildRules = (
			);
			dependencies = (
			);
			name = "QuickCart-SwiftUI";
			productName = "QuickCart-SwiftUI";
			productReference = 730F56F82B937EA500E43188 /* QuickCart-SwiftUI.app */;
			productType = "com.apple.product-type.application";
		};
/* End PBXNativeTarget section */

/* Begin PBXProject section */
		730F56F02B937EA500E43188 /* Project object */ = {
			isa = PBXProject;
			attributes = {
				BuildIndependentTargetsInParallel = 1;
				LastSwiftUpdateCheck = 1520;
				LastUpgradeCheck = 1520;
				TargetAttributes = {
					730F56F72B937EA500E43188 = {
						CreatedOnToolsVersion = 15.2;
					};
				};
			};
			buildConfigurationList = 730F56F32B937EA500E43188 /* Build configuration list for PBXProject "QuickCart-SwiftUI" */;
			compatibilityVersion = "Xcode 14.0";
			developmentRegion = en;
			hasScannedForEncodings = 0;
			knownRegions = (
				en,
				Base,
			);
			mainGroup = 730F56EF2B937EA500E43188;
			productRefGroup = 730F56F92B937EA500E43188 /* Products */;
			projectDirPath = "";
			projectRoot = "";
			targets = (
				730F56F72B937EA500E43188 /* QuickCart-SwiftUI */,
			);
		};
/* End PBXProject section */

/* Begin PBXResourcesBuildPhase section */
		730F56F62B937EA500E43188 /* Resources */ = {
			isa = PBXResourcesBuildPhase;
			buildActionMask = 2147483647;
			files = (
				730F57032B937EA700E43188 /* Preview Assets.xcassets in Resources */,
				730F57002B937EA700E43188 /* Assets.xcassets in Resources */,
				7360CB4C2B990304004A69DA /* GoogleService-Info.plist in Resources */,
			);
			runOnlyForDeploymentPostprocessing = 0;
		};
/* End PBXResourcesBuildPhase section */

/* Begin PBXShellScriptBuildPhase section */
		59C6C334859CBF5ACDC9A1B8 /* [CP] Embed Pods Frameworks */ = {
			isa = PBXShellScriptBuildPhase;
			buildActionMask = 2147483647;
			files = (
			);
			inputFileListPaths = (
				"${PODS_ROOT}/Target Support Files/Pods-QuickCart-SwiftUI/Pods-QuickCart-SwiftUI-frameworks-${CONFIGURATION}-input-files.xcfilelist",
			);
			name = "[CP] Embed Pods Frameworks";
			outputFileListPaths = (
				"${PODS_ROOT}/Target Support Files/Pods-QuickCart-SwiftUI/Pods-QuickCart-SwiftUI-frameworks-${CONFIGURATION}-output-files.xcfilelist",
			);
			runOnlyForDeploymentPostprocessing = 0;
			shellPath = /bin/sh;
			shellScript = "\"${PODS_ROOT}/Target Support Files/Pods-QuickCart-SwiftUI/Pods-QuickCart-SwiftUI-frameworks.sh\"\n";
			showEnvVarsInLog = 0;
		};
		BFD2357CA48DC129F33916F9 /* [CP] Check Pods Manifest.lock */ = {
			isa = PBXShellScriptBuildPhase;
			buildActionMask = 2147483647;
			files = (
			);
			inputFileListPaths = (
			);
			inputPaths = (
				"${PODS_PODFILE_DIR_PATH}/Podfile.lock",
				"${PODS_ROOT}/Manifest.lock",
			);
			name = "[CP] Check Pods Manifest.lock";
			outputFileListPaths = (
			);
			outputPaths = (
				"$(DERIVED_FILE_DIR)/Pods-QuickCart-SwiftUI-checkManifestLockResult.txt",
			);
			runOnlyForDeploymentPostprocessing = 0;
			shellPath = /bin/sh;
			shellScript = "diff \"${PODS_PODFILE_DIR_PATH}/Podfile.lock\" \"${PODS_ROOT}/Manifest.lock\" > /dev/null\nif [ $? != 0 ] ; then\n    # print error to STDERR\n    echo \"error: The sandbox is not in sync with the Podfile.lock. Run 'pod install' or update your CocoaPods installation.\" >&2\n    exit 1\nfi\n# This output is used by Xcode 'outputs' to avoid re-running this script phase.\necho \"SUCCESS\" > \"${SCRIPT_OUTPUT_FILE_0}\"\n";
			showEnvVarsInLog = 0;
		};
/* End PBXShellScriptBuildPhase section */

/* Begin PBXSourcesBuildPhase section */
		730F56F42B937EA500E43188 /* Sources */ = {
			isa = PBXSourcesBuildPhase;
			buildActionMask = 2147483647;
			files = (
				73D66C582B98CCF100200279 /* CodeView.swift in Sources */,
				730F570D2B94B74600E43188 /* WelcomeView.swift in Sources */,
				730F56FC2B937EA500E43188 /* QuickCart_SwiftUIApp.swift in Sources */,
				730F57132B94C64400E43188 /* LoginView.swift in Sources */,
				730F57152B95C96900E43188 /* LoginViewModel.swift in Sources */,
				73D66C542B98BE5A00200279 /* Countries.swift in Sources */,
				730F57172B95CA9200E43188 /* CustomNumberPad.swift in Sources */,
				73D66C562B98C41700200279 /* VerificationView.swift in Sources */,
			);
			runOnlyForDeploymentPostprocessing = 0;
		};
/* End PBXSourcesBuildPhase section */

/* Begin XCBuildConfiguration section */
		730F57042B937EA700E43188 /* Debug */ = {
			isa = XCBuildConfiguration;
			buildSettings = {
				ALWAYS_SEARCH_USER_PATHS = NO;
				ASSETCATALOG_COMPILER_GENERATE_SWIFT_ASSET_SYMBOL_EXTENSIONS = YES;
				CLANG_ANALYZER_NONNULL = YES;
				CLANG_ANALYZER_NUMBER_OBJECT_CONVERSION = YES_AGGRESSIVE;
				CLANG_CXX_LANGUAGE_STANDARD = "gnu++20";
				CLANG_ENABLE_MODULES = YES;
				CLANG_ENABLE_OBJC_ARC = YES;
				CLANG_ENABLE_OBJC_WEAK = YES;
				CLANG_WARN_BLOCK_CAPTURE_AUTORELEASING = YES;
				CLANG_WARN_BOOL_CONVERSION = YES;
				CLANG_WARN_COMMA = YES;
				CLANG_WARN_CONSTANT_CONVERSION = YES;
				CLANG_WARN_DEPRECATED_OBJC_IMPLEMENTATIONS = YES;
				CLANG_WARN_DIRECT_OBJC_ISA_USAGE = YES_ERROR;
				CLANG_WARN_DOCUMENTATION_COMMENTS = YES;
				CLANG_WARN_EMPTY_BODY = YES;
				CLANG_WARN_ENUM_CONVERSION = YES;
				CLANG_WARN_INFINITE_RECURSION = YES;
				CLANG_WARN_INT_CONVERSION = YES;
				CLANG_WARN_NON_LITERAL_NULL_CONVERSION = YES;
				CLANG_WARN_OBJC_IMPLICIT_RETAIN_SELF = YES;
				CLANG_WARN_OBJC_LITERAL_CONVERSION = YES;
				CLANG_WARN_OBJC_ROOT_CLASS = YES_ERROR;
				CLANG_WARN_QUOTED_INCLUDE_IN_FRAMEWORK_HEADER = YES;
				CLANG_WARN_RANGE_LOOP_ANALYSIS = YES;
				CLANG_WARN_STRICT_PROTOTYPES = YES;
				CLANG_WARN_SUSPICIOUS_MOVE = YES;
				CLANG_WARN_UNGUARDED_AVAILABILITY = YES_AGGRESSIVE;
				CLANG_WARN_UNREACHABLE_CODE = YES;
				CLANG_WARN__DUPLICATE_METHOD_MATCH = YES;
				COPY_PHASE_STRIP = NO;
				DEBUG_INFORMATION_FORMAT = dwarf;
				ENABLE_STRICT_OBJC_MSGSEND = YES;
				ENABLE_TESTABILITY = YES;
				ENABLE_USER_SCRIPT_SANDBOXING = YES;
				GCC_C_LANGUAGE_STANDARD = gnu17;
				GCC_DYNAMIC_NO_PIC = NO;
				GCC_NO_COMMON_BLOCKS = YES;
				GCC_OPTIMIZATION_LEVEL = 0;
				GCC_PREPROCESSOR_DEFINITIONS = (
					"DEBUG=1",
					"$(inherited)",
				);
				GCC_WARN_64_TO_32_BIT_CONVERSION = YES;
				GCC_WARN_ABOUT_RETURN_TYPE = YES_ERROR;
				GCC_WARN_UNDECLARED_SELECTOR = YES;
				GCC_WARN_UNINITIALIZED_AUTOS = YES_AGGRESSIVE;
				GCC_WARN_UNUSED_FUNCTION = YES;
				GCC_WARN_UNUSED_VARIABLE = YES;
				IPHONEOS_DEPLOYMENT_TARGET = 17.2;
				LOCALIZATION_PREFERS_STRING_CATALOGS = YES;
				MTL_ENABLE_DEBUG_INFO = INCLUDE_SOURCE;
				MTL_FAST_MATH = YES;
				ONLY_ACTIVE_ARCH = YES;
				SDKROOT = iphoneos;
				SWIFT_ACTIVE_COMPILATION_CONDITIONS = "DEBUG $(inherited)";
				SWIFT_OPTIMIZATION_LEVEL = "-Onone";
			};
			name = Debug;
		};
		730F57052B937EA700E43188 /* Release */ = {
			isa = XCBuildConfiguration;
			buildSettings = {
				ALWAYS_SEARCH_USER_PATHS = NO;
				ASSETCATALOG_COMPILER_GENERATE_SWIFT_ASSET_SYMBOL_EXTENSIONS = YES;
				CLANG_ANALYZER_NONNULL = YES;
				CLANG_ANALYZER_NUMBER_OBJECT_CONVERSION = YES_AGGRESSIVE;
				CLANG_CXX_LANGUAGE_STANDARD = "gnu++20";
				CLANG_ENABLE_MODULES = YES;
				CLANG_ENABLE_OBJC_ARC = YES;
				CLANG_ENABLE_OBJC_WEAK = YES;
				CLANG_WARN_BLOCK_CAPTURE_AUTORELEASING = YES;
				CLANG_WARN_BOOL_CONVERSION = YES;
				CLANG_WARN_COMMA = YES;
				CLANG_WARN_CONSTANT_CONVERSION = YES;
				CLANG_WARN_DEPRECATED_OBJC_IMPLEMENTATIONS = YES;
				CLANG_WARN_DIRECT_OBJC_ISA_USAGE = YES_ERROR;
				CLANG_WARN_DOCUMENTATION_COMMENTS = YES;
				CLANG_WARN_EMPTY_BODY = YES;
				CLANG_WARN_ENUM_CONVERSION = YES;
				CLANG_WARN_INFINITE_RECURSION = YES;
				CLANG_WARN_INT_CONVERSION = YES;
				CLANG_WARN_NON_LITERAL_NULL_CONVERSION = YES;
				CLANG_WARN_OBJC_IMPLICIT_RETAIN_SELF = YES;
				CLANG_WARN_OBJC_LITERAL_CONVERSION = YES;
				CLANG_WARN_OBJC_ROOT_CLASS = YES_ERROR;
				CLANG_WARN_QUOTED_INCLUDE_IN_FRAMEWORK_HEADER = YES;
				CLANG_WARN_RANGE_LOOP_ANALYSIS = YES;
				CLANG_WARN_STRICT_PROTOTYPES = YES;
				CLANG_WARN_SUSPICIOUS_MOVE = YES;
				CLANG_WARN_UNGUARDED_AVAILABILITY = YES_AGGRESSIVE;
				CLANG_WARN_UNREACHABLE_CODE = YES;
				CLANG_WARN__DUPLICATE_METHOD_MATCH = YES;
				COPY_PHASE_STRIP = NO;
				DEBUG_INFORMATION_FORMAT = "dwarf-with-dsym";
				ENABLE_NS_ASSERTIONS = NO;
				ENABLE_STRICT_OBJC_MSGSEND = YES;
				ENABLE_USER_SCRIPT_SANDBOXING = YES;
				GCC_C_LANGUAGE_STANDARD = gnu17;
				GCC_NO_COMMON_BLOCKS = YES;
				GCC_WARN_64_TO_32_BIT_CONVERSION = YES;
				GCC_WARN_ABOUT_RETURN_TYPE = YES_ERROR;
				GCC_WARN_UNDECLARED_SELECTOR = YES;
				GCC_WARN_UNINITIALIZED_AUTOS = YES_AGGRESSIVE;
				GCC_WARN_UNUSED_FUNCTION = YES;
				GCC_WARN_UNUSED_VARIABLE = YES;
				IPHONEOS_DEPLOYMENT_TARGET = 17.2;
				LOCALIZATION_PREFERS_STRING_CATALOGS = YES;
				MTL_ENABLE_DEBUG_INFO = NO;
				MTL_FAST_MATH = YES;
				SDKROOT = iphoneos;
				SWIFT_COMPILATION_MODE = wholemodule;
				VALIDATE_PRODUCT = YES;
			};
			name = Release;
		};
		730F57072B937EA700E43188 /* Debug */ = {
			isa = XCBuildConfiguration;
			baseConfigurationReference = 5D65623FC96288C9738C6071 /* Pods-QuickCart-SwiftUI.debug.xcconfig */;
			buildSettings = {
				ASSETCATALOG_COMPILER_APPICON_NAME = AppIcon;
				ASSETCATALOG_COMPILER_GLOBAL_ACCENT_COLOR_NAME = AccentColor;
				CODE_SIGN_STYLE = Automatic;
				CURRENT_PROJECT_VERSION = 1;
				DEVELOPMENT_ASSET_PATHS = "\"QuickCart-SwiftUI/Preview Content\"";
				DEVELOPMENT_TEAM = AUR8GZBZK7;
				ENABLE_PREVIEWS = YES;
				ENABLE_USER_SCRIPT_SANDBOXING = NO;
				GENERATE_INFOPLIST_FILE = YES;
				INFOPLIST_FILE = "QuickCart-SwiftUI/Info.plist";
				INFOPLIST_KEY_UIApplicationSceneManifest_Generation = YES;
				INFOPLIST_KEY_UIApplicationSupportsIndirectInputEvents = YES;
				INFOPLIST_KEY_UISupportedInterfaceOrientations = UIInterfaceOrientationPortrait;
				INFOPLIST_KEY_UISupportedInterfaceOrientations_iPad = "UIInterfaceOrientationLandscapeLeft UIInterfaceOrientationLandscapeRight UIInterfaceOrientationPortrait UIInterfaceOrientationPortraitUpsideDown";
				LD_RUNPATH_SEARCH_PATHS = (
					"$(inherited)",
					"@executable_path/Frameworks",
				);
				MARKETING_VERSION = 1.0;
				PRODUCT_BUNDLE_IDENTIFIER = "com.my.QuickCart-SwiftUI";
				PRODUCT_NAME = "$(TARGET_NAME)";
				SUPPORTED_PLATFORMS = "iphoneos iphonesimulator";
				SUPPORTS_MACCATALYST = NO;
				SUPPORTS_MAC_DESIGNED_FOR_IPHONE_IPAD = NO;
				SUPPORTS_XR_DESIGNED_FOR_IPHONE_IPAD = NO;
				SWIFT_EMIT_LOC_STRINGS = YES;
				SWIFT_VERSION = 5.0;
				TARGETED_DEVICE_FAMILY = 1;
			};
			name = Debug;
		};
		730F57082B937EA700E43188 /* Release */ = {
			isa = XCBuildConfiguration;
			baseConfigurationReference = 20A6713626416A5E15A2D0E0 /* Pods-QuickCart-SwiftUI.release.xcconfig */;
			buildSettings = {
				ASSETCATALOG_COMPILER_APPICON_NAME = AppIcon;
				ASSETCATALOG_COMPILER_GLOBAL_ACCENT_COLOR_NAME = AccentColor;
				CODE_SIGN_STYLE = Automatic;
				CURRENT_PROJECT_VERSION = 1;
				DEVELOPMENT_ASSET_PATHS = "\"QuickCart-SwiftUI/Preview Content\"";
				DEVELOPMENT_TEAM = AUR8GZBZK7;
				ENABLE_PREVIEWS = YES;
				ENABLE_USER_SCRIPT_SANDBOXING = NO;
				GENERATE_INFOPLIST_FILE = YES;
				INFOPLIST_FILE = "QuickCart-SwiftUI/Info.plist";
				INFOPLIST_KEY_UIApplicationSceneManifest_Generation = YES;
				INFOPLIST_KEY_UIApplicationSupportsIndirectInputEvents = YES;
				INFOPLIST_KEY_UISupportedInterfaceOrientations = UIInterfaceOrientationPortrait;
				INFOPLIST_KEY_UISupportedInterfaceOrientations_iPad = "UIInterfaceOrientationLandscapeLeft UIInterfaceOrientationLandscapeRight UIInterfaceOrientationPortrait UIInterfaceOrientationPortraitUpsideDown";
				LD_RUNPATH_SEARCH_PATHS = (
					"$(inherited)",
					"@executable_path/Frameworks",
				);
				MARKETING_VERSION = 1.0;
				PRODUCT_BUNDLE_IDENTIFIER = "com.my.QuickCart-SwiftUI";
				PRODUCT_NAME = "$(TARGET_NAME)";
				SUPPORTED_PLATFORMS = "iphoneos iphonesimulator";
				SUPPORTS_MACCATALYST = NO;
				SUPPORTS_MAC_DESIGNED_FOR_IPHONE_IPAD = NO;
				SUPPORTS_XR_DESIGNED_FOR_IPHONE_IPAD = NO;
				SWIFT_EMIT_LOC_STRINGS = YES;
				SWIFT_VERSION = 5.0;
				TARGETED_DEVICE_FAMILY = 1;
			};
			name = Release;
		};
/* End XCBuildConfiguration section */

/* Begin XCConfigurationList section */
		730F56F32B937EA500E43188 /* Build configuration list for PBXProject "QuickCart-SwiftUI" */ = {
			isa = XCConfigurationList;
			buildConfigurations = (
				730F57042B937EA700E43188 /* Debug */,
				730F57052B937EA700E43188 /* Release */,
			);
			defaultConfigurationIsVisible = 0;
			defaultConfigurationName = Release;
		};
		730F57062B937EA700E43188 /* Build configuration list for PBXNativeTarget "QuickCart-SwiftUI" */ = {
			isa = XCConfigurationList;
			buildConfigurations = (
				730F57072B937EA700E43188 /* Debug */,
				730F57082B937EA700E43188 /* Release */,
			);
			defaultConfigurationIsVisible = 0;
			defaultConfigurationName = Release;
		};
/* End XCConfigurationList section */
	};
	rootObject = 730F56F02B937EA500E43188 /* Project object */;
}
